<Solution>
  <Folder Name="/Solution Items/">
    <File Path=".gitattributes" />
    <File Path=".gitignore" />
    <File Path="README.md" />
  </Folder>
  <Project Path="Console/AdventOfCode2025.Console.csproj" Id="e8d60af8-0191-4e69-a4c2-d14256bfb5ee" />
  <Project Path="Puzzles/AdventOfCode2025.Puzzles.csproj" Id="7b30919d-ccc5-442b-9151-74df7b319470" />
</Solution>
